
Microsoft Visual Studio Solution File, Format Version 12.00
# Visual Studio Version 17
VisualStudioVersion = 17.14.36705.20
MinimumVisualStudioVersion = 10.0.40219.1
Project("{FAE04EC0-301F-11D3-BF4B-00C04F79EFBC}") = "Application", "Application\Application.csproj", "{1B8F65C3-2461-4EDE-A498-330B51BF744C}"
EndProject
Project("{FAE04EC0-301F-11D3-BF4B-00C04F79EFBC}") = "Domain", "Domain\Domain.csproj", "{612E1A7A-50B1-41D3-AFC7-5D17939FEB52}"
EndProject
Project("{FAE04EC0-301F-11D3-BF4B-00C04F79EFBC}") = "Shared", "Shared\Shared.csproj", "{432D6597-A0B1-48FF-A008-CC76A787B47F}"
EndProject
Project("{FAE04EC0-301F-11D3-BF4B-00C04F79EFBC}") = "Infrastructure", "Infrastructure\Infrastructure.csproj", "{CF2D839A-6D45-4477-852C-154E4AF77146}"
EndProject
Project("{FAE04EC0-301F-11D3-BF4B-00C04F79EFBC}") = "API", "API\API.csproj", "{22439681-D793-4FAE-8EF5-7500C7AA963F}"
EndProject
Project("{2150E333-8FDC-42A3-9474-1A3956D46DE8}") = "docs", "docs", "{02EA681E-C7D8-13C7-8484-4AC65E1B71E8}"
	ProjectSection(SolutionItems) = preProject
		docs\api-design.md = docs\api-design.md
		docs\api-versioning.md = docs\api-versioning.md
		docs\architecture.md = docs\architecture.md
		docs\caching-performance.md = docs\caching-performance.md
		docs\logging.md = docs\logging.md
		docs\monitoring-observability.md = docs\monitoring-observability.md
		docs\notification-system.md = docs\notification-system.md
		docs\overview.md = docs\overview.md
	EndProjectSection
EndProject
Project("{FAE04EC0-301F-11D3-BF4B-00C04F79EFBC}") = "Application.UnitTest", "UnitTest\Application.UnitTest.csproj", "{3E753538-F24B-4DB0-9F87-E6A6C6A702E2}"
EndProject
Project("{2150E333-8FDC-42A3-9474-1A3956D46DE8}") = "tests", "tests", "{664D4AEC-287E-40A6-A032-AF6E05D4BE4E}"
EndProject
Global
	GlobalSection(SolutionConfigurationPlatforms) = preSolution
		Debug|Any CPU = Debug|Any CPU
		Release|Any CPU = Release|Any CPU
	EndGlobalSection
	GlobalSection(ProjectConfigurationPlatforms) = postSolution
		{1B8F65C3-2461-4EDE-A498-330B51BF744C}.Debug|Any CPU.ActiveCfg = Debug|Any CPU
		{1B8F65C3-2461-4EDE-A498-330B51BF744C}.Debug|Any CPU.Build.0 = Debug|Any CPU
		{1B8F65C3-2461-4EDE-A498-330B51BF744C}.Release|Any CPU.ActiveCfg = Release|Any CPU
		{1B8F65C3-2461-4EDE-A498-330B51BF744C}.Release|Any CPU.Build.0 = Release|Any CPU
		{612E1A7A-50B1-41D3-AFC7-5D17939FEB52}.Debug|Any CPU.ActiveCfg = Debug|Any CPU
		{612E1A7A-50B1-41D3-AFC7-5D17939FEB52}.Debug|Any CPU.Build.0 = Debug|Any CPU
		{612E1A7A-50B1-41D3-AFC7-5D17939FEB52}.Release|Any CPU.ActiveCfg = Release|Any CPU
		{612E1A7A-50B1-41D3-AFC7-5D17939FEB52}.Release|Any CPU.Build.0 = Release|Any CPU
		{432D6597-A0B1-48FF-A008-CC76A787B47F}.Debug|Any CPU.ActiveCfg = Debug|Any CPU
		{432D6597-A0B1-48FF-A008-CC76A787B47F}.Debug|Any CPU.Build.0 = Debug|Any CPU
		{432D6597-A0B1-48FF-A008-CC76A787B47F}.Release|Any CPU.ActiveCfg = Release|Any CPU
		{432D6597-A0B1-48FF-A008-CC76A787B47F}.Release|Any CPU.Build.0 = Release|Any CPU
		{CF2D839A-6D45-4477-852C-154E4AF77146}.Debug|Any CPU.ActiveCfg = Debug|Any CPU
		{CF2D839A-6D45-4477-852C-154E4AF77146}.Debug|Any CPU.Build.0 = Debug|Any CPU
		{CF2D839A-6D45-4477-852C-154E4AF77146}.Release|Any CPU.ActiveCfg = Release|Any CPU
		{CF2D839A-6D45-4477-852C-154E4AF77146}.Release|Any CPU.Build.0 = Release|Any CPU
		{22439681-D793-4FAE-8EF5-7500C7AA963F}.Debug|Any CPU.ActiveCfg = Debug|Any CPU
		{22439681-D793-4FAE-8EF5-7500C7AA963F}.Debug|Any CPU.Build.0 = Debug|Any CPU
		{22439681-D793-4FAE-8EF5-7500C7AA963F}.Release|Any CPU.ActiveCfg = Release|Any CPU
		{22439681-D793-4FAE-8EF5-7500C7AA963F}.Release|Any CPU.Build.0 = Release|Any CPU
		{3E753538-F24B-4DB0-9F87-E6A6C6A702E2}.Debug|Any CPU.ActiveCfg = Debug|Any CPU
		{3E753538-F24B-4DB0-9F87-E6A6C6A702E2}.Debug|Any CPU.Build.0 = Debug|Any CPU
		{3E753538-F24B-4DB0-9F87-E6A6C6A702E2}.Release|Any CPU.ActiveCfg = Release|Any CPU
		{3E753538-F24B-4DB0-9F87-E6A6C6A702E2}.Release|Any CPU.Build.0 = Release|Any CPU
	EndGlobalSection
	GlobalSection(SolutionProperties) = preSolution
		HideSolutionNode = FALSE
	EndGlobalSection
	GlobalSection(NestedProjects) = preSolution
		{3E753538-F24B-4DB0-9F87-E6A6C6A702E2} = {664D4AEC-287E-40A6-A032-AF6E05D4BE4E}
	EndGlobalSection
	GlobalSection(ExtensibilityGlobals) = postSolution
		SolutionGuid = {7065B1FA-7D21-42E6-AC77-5E64A30D3F5A}
	EndGlobalSection
EndGlobal
